// !$*UTF8*$!
{
	archiveVersion = 1;
	classes = {
	};
	objectVersion = 46;
	objects = {

/* Begin PBXBuildFile section */
		7B164E6119A2590100B01580 /* Foundation.framework in Frameworks */ = {isa = PBXBuildFile; fileRef = 7B164E6019A2590100B01580 /* Foundation.framework */; };
		7B164E6319A2590100B01580 /* CoreGraphics.framework in Frameworks */ = {isa = PBXBuildFile; fileRef = 7B164E6219A2590100B01580 /* CoreGraphics.framework */; };
		7B164E6519A2590100B01580 /* UIKit.framework in Frameworks */ = {isa = PBXBuildFile; fileRef = 7B164E6419A2590100B01580 /* UIKit.framework */; };
		7B164E6B19A2590100B01580 /* InfoPlist.strings in Resources */ = {isa = PBXBuildFile; fileRef = 7B164E6919A2590100B01580 /* InfoPlist.strings */; };
		7B164E6D19A2590100B01580 /* main.m in Sources */ = {isa = PBXBuildFile; fileRef = 7B164E6C19A2590100B01580 /* main.m */; };
		7B164E7119A2590100B01580 /* AppDelegate.m in Sources */ = {isa = PBXBuildFile; fileRef = 7B164E7019A2590100B01580 /* AppDelegate.m */; };
		7B164E7419A2590100B01580 /* Main.storyboard in Resources */ = {isa = PBXBuildFile; fileRef = 7B164E7219A2590100B01580 /* Main.storyboard */; };
		7B164E7719A2590100B01580 /* ViewController.m in Sources */ = {isa = PBXBuildFile; fileRef = 7B164E7619A2590100B01580 /* ViewController.m */; };
		7B164E7919A2590100B01580 /* Images.xcassets in Resources */ = {isa = PBXBuildFile; fileRef = 7B164E7819A2590100B01580 /* Images.xcassets */; };
		7B164E8019A2590200B01580 /* XCTest.framework in Frameworks */ = {isa = PBXBuildFile; fileRef = 7B164E7F19A2590200B01580 /* XCTest.framework */; };
		7B164E8119A2590200B01580 /* Foundation.framework in Frameworks */ = {isa = PBXBuildFile; fileRef = 7B164E6019A2590100B01580 /* Foundation.framework */; };
		7B164E8219A2590200B01580 /* UIKit.framework in Frameworks */ = {isa = PBXBuildFile; fileRef = 7B164E6419A2590100B01580 /* UIKit.framework */; };
		7B164E8A19A2590200B01580 /* InfoPlist.strings in Resources */ = {isa = PBXBuildFile; fileRef = 7B164E8819A2590200B01580 /* InfoPlist.strings */; };
		7B164E8C19A2590200B01580 /* MailAppTests.m in Sources */ = {isa = PBXBuildFile; fileRef = 7B164E8B19A2590200B01580 /* MailAppTests.m */; };
		7B164E9619A2594000B01580 /* MessageUI.framework in Frameworks */ = {isa = PBXBuildFile; fileRef = 7B164E9519A2594000B01580 /* MessageUI.framework */; };
		7B164E9819A25E7800B01580 /* images.jpeg in Resources */ = {isa = PBXBuildFile; fileRef = 7B164E9719A25E7800B01580 /* images.jpeg */; };
/* End PBXBuildFile section */

/* Begin PBXContainerItemProxy section */
		7B164E8319A2590200B01580 /* PBXContainerItemProxy */ = {
			isa = PBXContainerItemProxy;
			containerPortal = 7B164E5519A2590100B01580 /* Project object */;
			proxyType = 1;
			remoteGlobalIDString = 7B164E5C19A2590100B01580;
			remoteInfo = MailApp;
		};
/* End PBXContainerItemProxy section */

/* Begin PBXFileReference section */
		7B164E5D19A2590100B01580 /* MailApp.app */ = {isa = PBXFileReference; explicitFileType = wrapper.application; includeInIndex = 0; path = MailApp.app; sourceTree = BUILT_PRODUCTS_DIR; };
		7B164E6019A2590100B01580 /* Foundation.framework */ = {isa = PBXFileReference; lastKnownFileType = wrapper.framework; name = Foundation.framework; path = System/Library/Frameworks/Foundation.framework; sourceTree = SDKROOT; };
		7B164E6219A2590100B01580 /* CoreGraphics.framework */ = {isa = PBXFileReference; lastKnownFileType = wrapper.framework; name = CoreGraphics.framework; path = System/Library/Frameworks/CoreGraphics.framework; sourceTree = SDKROOT; };
		7B164E6419A2590100B01580 /* UIKit.framework */ = {isa = PBXFileReference; lastKnownFileType = wrapper.framework; name = UIKit.framework; path = System/Library/Frameworks/UIKit.framework; sourceTree = SDKROOT; };
		7B164E6819A2590100B01580 /* MailApp-Info.plist */ = {isa = PBXFileReference; lastKnownFileType = text.plist.xml; path = "MailApp-Info.plist"; sourceTree = "<group>"; };
		7B164E6A19A2590100B01580 /* en */ = {isa = PBXFileReference; lastKnownFileType = text.plist.strings; name = en; path = en.lproj/InfoPlist.strings; sourceTree = "<group>"; };
		7B164E6C19A2590100B01580 /* main.m */ = {isa = PBXFileReference; lastKnownFileType = sourcecode.c.objc; path = main.m; sourceTree = "<group>"; };
		7B164E6E19A2590100B01580 /* MailApp-Prefix.pch */ = {isa = PBXFileReference; lastKnownFileType = sourcecode.c.h; path = "MailApp-Prefix.pch"; sourceTree = "<group>"; };
		7B164E6F19A2590100B01580 /* AppDelegate.h */ = {isa = PBXFileReference; lastKnownFileType = sourcecode.c.h; path = AppDelegate.h; sourceTree = "<group>"; };
		7B164E7019A2590100B01580 /* AppDelegate.m */ = {isa = PBXFileReference; lastKnownFileType = sourcecode.c.objc; path = AppDelegate.m; sourceTree = "<group>"; };
		7B164E7319A2590100B01580 /* Base */ = {isa = PBXFileReference; lastKnownFileType = file.storyboard; name = Base; path = Base.lproj/Main.storyboard; sourceTree = "<group>"; };
		7B164E7519A2590100B01580 /* ViewController.h */ = {isa = PBXFileReference; lastKnownFileType = sourcecode.c.h; path = ViewController.h; sourceTree = "<group>"; };
		7B164E7619A2590100B01580 /* ViewController.m */ = {isa = PBXFileReference; lastKnownFileType = sourcecode.c.objc; path = ViewController.m; sourceTree = "<group>"; };
		7B164E7819A2590100B01580 /* Images.xcassets */ = {isa = PBXFileReference; lastKnownFileType = folder.assetcatalog; path = Images.xcassets; sourceTree = "<group>"; };
		7B164E7E19A2590200B01580 /* MailAppTests.xctest */ = {isa = PBXFileReference; explicitFileType = wrapper.cfbundle; includeInIndex = 0; path = MailAppTests.xctest; sourceTree = BUILT_PRODUCTS_DIR; };
		7B164E7F19A2590200B01580 /* XCTest.framework */ = {isa = PBXFileReference; lastKnownFileType = wrapper.framework; name = XCTest.framework; path = Library/Frameworks/XCTest.framework; sourceTree = DEVELOPER_DIR; };
		7B164E8719A2590200B01580 /* MailAppTests-Info.plist */ = {isa = PBXFileReference; lastKnownFileType = text.plist.xml; path = "MailAppTests-Info.plist"; sourceTree = "<group>"; };
		7B164E8919A2590200B01580 /* en */ = {isa = PBXFileReference; lastKnownFileType = text.plist.strings; name = en; path = en.lproj/InfoPlist.strings; sourceTree = "<group>"; };
		7B164E8B19A2590200B01580 /* MailAppTests.m */ = {isa = PBXFileReference; lastKnownFileType = sourcecode.c.objc; path = MailAppTests.m; sourceTree = "<group>"; };
		7B164E9519A2594000B01580 /* MessageUI.framework */ = {isa = PBXFileReference; lastKnownFileType = wrapper.framework; name = MessageUI.framework; path = System/Library/Frameworks/MessageUI.framework; sourceTree = SDKROOT; };
		7B164E9719A25E7800B01580 /* images.jpeg */ = {isa = PBXFileReference; lastKnownFileType = image.jpeg; path = images.jpeg; sourceTree = "<group>"; };
/* End PBXFileReference section */

/* Begin PBXFrameworksBuildPhase section */
		7B164E5A19A2590100B01580 /* Frameworks */ = {
			isa = PBXFrameworksBuildPhase;
			buildActionMask = 2147483647;
			files = (
				7B164E9619A2594000B01580 /* MessageUI.framework in Frameworks */,
				7B164E6319A2590100B01580 /* CoreGraphics.framework in Frameworks */,
				7B164E6519A2590100B01580 /* UIKit.framework in Frameworks */,
				7B164E6119A2590100B01580 /* Foundation.framework in Frameworks */,
			);
			runOnlyForDeploymentPostprocessing = 0;
		};
		7B164E7B19A2590200B01580 /* Frameworks */ = {
			isa = PBXFrameworksBuildPhase;
			buildActionMask = 2147483647;
			files = (
				7B164E8019A2590200B01580 /* XCTest.framework in Frameworks */,
				7B164E8219A2590200B01580 /* UIKit.framework in Frameworks */,
				7B164E8119A2590200B01580 /* Foundation.framework in Frameworks */,
			);
			runOnlyForDeploymentPostprocessing = 0;
		};
/* End PBXFrameworksBuildPhase section */

/* Begin PBXGroup section */
		7B164E5419A2590100B01580 = {
			isa = PBXGroup;
			children = (
				7B164E6619A2590100B01580 /* MailApp */,
				7B164E8519A2590200B01580 /* MailAppTests */,
				7B164E5F19A2590100B01580 /* Frameworks */,
				7B164E5E19A2590100B01580 /* Products */,
			);
			sourceTree = "<group>";
		};
		7B164E5E19A2590100B01580 /* Products */ = {
			isa = PBXGroup;
			children = (
				7B164E5D19A2590100B01580 /* MailApp.app */,
				7B164E7E19A2590200B01580 /* MailAppTests.xctest */,
			);
			name = Products;
			sourceTree = "<group>";
		};
		7B164E5F19A2590100B01580 /* Frameworks */ = {
			isa = PBXGroup;
			children = (
				7B164E9519A2594000B01580 /* MessageUI.framework */,
				7B164E6019A2590100B01580 /* Foundation.framework */,
				7B164E6219A2590100B01580 /* CoreGraphics.framework */,
				7B164E6419A2590100B01580 /* UIKit.framework */,
				7B164E7F19A2590200B01580 /* XCTest.framework */,
			);
			name = Frameworks;
			sourceTree = "<group>";
		};
		7B164E6619A2590100B01580 /* MailApp */ = {
			isa = PBXGroup;
			children = (
				7B164E6F19A2590100B01580 /* AppDelegate.h */,
				7B164E7019A2590100B01580 /* AppDelegate.m */,
				7B164E7219A2590100B01580 /* Main.storyboard */,
				7B164E7519A2590100B01580 /* ViewController.h */,
				7B164E7619A2590100B01580 /* ViewController.m */,
				7B164E9719A25E7800B01580 /* images.jpeg */,
				7B164E7819A2590100B01580 /* Images.xcassets */,
				7B164E6719A2590100B01580 /* Supporting Files */,
			);
			path = MailApp;
			sourceTree = "<group>";
		};
		7B164E6719A2590100B01580 /* Supporting Files */ = {
			isa = PBXGroup;
			children = (
				7B164E6819A2590100B01580 /* MailApp-Info.plist */,
				7B164E6919A2590100B01580 /* InfoPlist.strings */,
				7B164E6C19A2590100B01580 /* main.m */,
				7B164E6E19A2590100B01580 /* MailApp-Prefix.pch */,
			);
			name = "Supporting Files";
			sourceTree = "<group>";
		};
		7B164E8519A2590200B01580 /* MailAppTests */ = {
			isa = PBXGroup;
			children = (
				7B164E8B19A2590200B01580 /* MailAppTests.m */,
				7B164E8619A2590200B01580 /* Supporting Files */,
			);
			path = MailAppTests;
			sourceTree = "<group>";
		};
		7B164E8619A2590200B01580 /* Supporting Files */ = {
			isa = PBXGroup;
			children = (
				7B164E8719A2590200B01580 /* MailAppTests-Info.plist */,
				7B164E8819A2590200B01580 /* InfoPlist.strings */,
			);
			name = "Supporting Files";
			sourceTree = "<group>";
		};
/* End PBXGroup section */

/* Begin PBXNativeTarget section */
		7B164E5C19A2590100B01580 /* MailApp */ = {
			isa = PBXNativeTarget;
			buildConfigurationList = 7B164E8F19A2590200B01580 /* Build configuration list for PBXNativeTarget "MailApp" */;
			buildPhases = (
				7B164E5919A2590100B01580 /* Sources */,
				7B164E5A19A2590100B01580 /* Frameworks */,
				7B164E5B19A2590100B01580 /* Resources */,
			);
			buildRules = (
			);
			dependencies = (
			);
			name = MailApp;
			productName = MailApp;
			productReference = 7B164E5D19A2590100B01580 /* MailApp.app */;
			productType = "com.apple.product-type.application";
		};
		7B164E7D19A2590200B01580 /* MailAppTests */ = {
			isa = PBXNativeTarget;
			buildConfigurationList = 7B164E9219A2590200B01580 /* Build configuration list for PBXNativeTarget "MailAppTests" */;
			buildPhases = (
				7B164E7A19A2590200B01580 /* Sources */,
				7B164E7B19A2590200B01580 /* Frameworks */,
				7B164E7C19A2590200B01580 /* Resources */,
			);
			buildRules = (
			);
			dependencies = (
				7B164E8419A2590200B01580 /* PBXTargetDependency */,
			);
			name = MailAppTests;
			productName = MailAppTests;
			productReference = 7B164E7E19A2590200B01580 /* MailAppTests.xctest */;
			productType = "com.apple.product-type.bundle.unit-test";
		};
/* End PBXNativeTarget section */

/* Begin PBXProject section */
		7B164E5519A2590100B01580 /* Project object */ = {
			isa = PBXProject;
			attributes = {
				LastUpgradeCheck = 0510;
				ORGANIZATIONNAME = "Alejandro Guerra Carbonell";
				TargetAttributes = {
					7B164E7D19A2590200B01580 = {
						TestTargetID = 7B164E5C19A2590100B01580;
					};
				};
			};
			buildConfigurationList = 7B164E5819A2590100B01580 /* Build configuration list for PBXProject "MailApp" */;
			compatibilityVersion = "Xcode 3.2";
			developmentRegion = English;
			hasScannedForEncodings = 0;
			knownRegions = (
				en,
				Base,
			);
			mainGroup = 7B164E5419A2590100B01580;
			productRefGroup = 7B164E5E19A2590100B01580 /* Products */;
			projectDirPath = "";
			projectRoot = "";
			targets = (
				7B164E5C19A2590100B01580 /* MailApp */,
				7B164E7D19A2590200B01580 /* MailAppTests */,
			);
		};
/* End PBXProject section */

/* Begin PBXResourcesBuildPhase section */
		7B164E5B19A2590100B01580 /* Resources */ = {
			isa = PBXResourcesBuildPhase;
			buildActionMask = 2147483647;
			files = (
				7B164E7919A2590100B01580 /* Images.xcassets in Resources */,
				7B164E9819A25E7800B01580 /* images.jpeg in Resources */,
				7B164E6B19A2590100B01580 /* InfoPlist.strings in Resources */,
				7B164E7419A2590100B01580 /* Main.storyboard in Resources */,
			);
			runOnlyForDeploymentPostprocessing = 0;
		};
		7B164E7C19A2590200B01580 /* Resources */ = {
			isa = PBXResourcesBuildPhase;
			buildActionMask = 2147483647;
			files = (
				7B164E8A19A2590200B01580 /* InfoPlist.strings in Resources */,
			);
			runOnlyForDeploymentPostprocessing = 0;
		};
/* End PBXResourcesBuildPhase section */

/* Begin PBXSourcesBuildPhase section */
		7B164E5919A2590100B01580 /* Sources */ = {
			isa = PBXSourcesBuildPhase;
			buildActionMask = 2147483647;
			files = (
				7B164E7719A2590100B01580 /* ViewController.m in Sources */,
				7B164E7119A2590100B01580 /* AppDelegate.m in Sources */,
				7B164E6D19A2590100B01580 /* main.m in Sources */,
			);
			runOnlyForDeploymentPostprocessing = 0;
		};
		7B164E7A19A2590200B01580 /* Sources */ = {
			isa = PBXSourcesBuildPhase;
			buildActionMask = 2147483647;
			files = (
				7B164E8C19A2590200B01580 /* MailAppTests.m in Sources */,
			);
			runOnlyForDeploymentPostprocessing = 0;
		};
/* End PBXSourcesBuildPhase section */

/* Begin PBXTargetDependency section */
		7B164E8419A2590200B01580 /* PBXTargetDependency */ = {
			isa = PBXTargetDependency;
			target = 7B164E5C19A2590100B01580 /* MailApp */;
			targetProxy = 7B164E8319A2590200B01580 /* PBXContainerItemProxy */;
		};
/* End PBXTargetDependency section */

/* Begin PBXVariantGroup section */
		7B164E6919A2590100B01580 /* InfoPlist.strings */ = {
			isa = PBXVariantGroup;
			children = (
				7B164E6A19A2590100B01580 /* en */,
			);
			name = InfoPlist.strings;
			sourceTree = "<group>";
		};
		7B164E7219A2590100B01580 /* Main.storyboard */ = {
			isa = PBXVariantGroup;
			children = (
				7B164E7319A2590100B01580 /* Base */,
			);
			name = Main.storyboard;
			sourceTree = "<group>";
		};
		7B164E8819A2590200B01580 /* InfoPlist.strings */ = {
			isa = PBXVariantGroup;
			children = (
				7B164E8919A2590200B01580 /* en */,
			);
			name = InfoPlist.strings;
			sourceTree = "<group>";
		};
/* End PBXVariantGroup section */

/* Begin XCBuildConfiguration section */
		7B164E8D19A2590200B01580 /* Debug */ = {
			isa = XCBuildConfiguration;
			buildSettings = {
				ALWAYS_SEARCH_USER_PATHS = NO;
				CLANG_CXX_LANGUAGE_STANDARD = "gnu++0x";
				CLANG_CXX_LIBRARY = "libc++";
				CLANG_ENABLE_MODULES = YES;
				CLANG_ENABLE_OBJC_ARC = YES;
				CLANG_WARN_BOOL_CONVERSION = YES;
				CLANG_WARN_CONSTANT_CONVERSION = YES;
				CLANG_WARN_DIRECT_OBJC_ISA_USAGE = YES_ERROR;
				CLANG_WARN_EMPTY_BODY = YES;
				CLANG_WARN_ENUM_CONVERSION = YES;
				CLANG_WARN_INT_CONVERSION = YES;
				CLANG_WARN_OBJC_ROOT_CLASS = YES_ERROR;
				CLANG_WARN__DUPLICATE_METHOD_MATCH = YES;
				"CODE_SIGN_IDENTITY[sdk=iphoneos*]" = "iPhone Developer";
				COPY_PHASE_STRIP = NO;
				GCC_C_LANGUAGE_STANDARD = gnu99;
				GCC_DYNAMIC_NO_PIC = NO;
				GCC_OPTIMIZATION_LEVEL = 0;
				GCC_PREPROCESSOR_DEFINITIONS = (
					"DEBUG=1",
					"$(inherited)",
				);
				GCC_SYMBOLS_PRIVATE_EXTERN = NO;
				GCC_WARN_64_TO_32_BIT_CONVERSION = YES;
				GCC_WARN_ABOUT_RETURN_TYPE = YES_ERROR;
				GCC_WARN_UNDECLARED_SELECTOR = YES;
				GCC_WARN_UNINITIALIZED_AUTOS = YES_AGGRESSIVE;
				GCC_WARN_UNUSED_FUNCTION = YES;
				GCC_WARN_UNUSED_VARIABLE = YES;
				IPHONEOS_DEPLOYMENT_TARGET = 7.1;
				ONLY_ACTIVE_ARCH = YES;
				SDKROOT = iphoneos;
			};
			name = Debug;
		};
		7B164E8E19A2590200B01580 /* Release */ = {
			isa = XCBuildConfiguration;
			buildSettings = {
				ALWAYS_SEARCH_USER_PATHS = NO;
				CLANG_CXX_LANGUAGE_STANDARD = "gnu++0x";
				CLANG_CXX_LIBRARY = "libc++";
				CLANG_ENABLE_MODULES = YES;
				CLANG_ENABLE_OBJC_ARC = YES;
				CLANG_WARN_BOOL_CONVERSION = YES;
				CLANG_WARN_CONSTANT_CONVERSION = YES;
				CLANG_WARN_DIRECT_OBJC_ISA_USAGE = YES_ERROR;
				CLANG_WARN_EMPTY_BODY = YES;
				CLANG_WARN_ENUM_CONVERSION = YES;
				CLANG_WARN_INT_CONVERSION = YES;
				CLANG_WARN_OBJC_ROOT_CLASS = YES_ERROR;
				CLANG_WARN__DUPLICATE_METHOD_MATCH = YES;
				"CODE_SIGN_IDENTITY[sdk=iphoneos*]" = "iPhone Developer";
				COPY_PHASE_STRIP = YES;
				ENABLE_NS_ASSERTIONS = NO;
				GCC_C_LANGUAGE_STANDARD = gnu99;
				GCC_WARN_64_TO_32_BIT_CONVERSION = YES;
				GCC_WARN_ABOUT_RETURN_TYPE = YES_ERROR;
				GCC_WARN_UNDECLARED_SELECTOR = YES;
				GCC_WARN_UNINITIALIZED_AUTOS = YES_AGGRESSIVE;
				GCC_WARN_UNUSED_FUNCTION = YES;
				GCC_WARN_UNUSED_VARIABLE = YES;
				IPHONEOS_DEPLOYMENT_TARGET = 7.1;
				SDKROOT = iphoneos;
				VALIDATE_PRODUCT = YES;
			};
			name = Release;
		};
		7B164E9019A2590200B01580 /* Debug */ = {
			isa = XCBuildConfiguration;
			buildSettings = {
				ASSETCATALOG_COMPILER_APPICON_NAME = AppIcon;
				ASSETCATALOG_COMPILER_LAUNCHIMAGE_NAME = LaunchImage;
				GCC_PRECOMPILE_PREFIX_HEADER = YES;
				GCC_PREFIX_HEADER = "MailApp/MailApp-Prefix.pch";
				INFOPLIST_FILE = "MailApp/MailApp-Info.plist";
				IPHONEOS_DEPLOYMENT_TARGET = 7.0;
				PRODUCT_NAME = "$(TARGET_NAME)";
				WRAPPER_EXTENSION = app;
			};
			name = Debug;
		};
		7B164E9119A2590200B01580 /* Release */ = {
			isa = XCBuildConfiguration;
			buildSettings = {
				ASSETCATALOG_COMPILER_APPICON_NAME = AppIcon;
				ASSETCATALOG_COMPILER_LAUNCHIMAGE_NAME = LaunchImage;
				GCC_PRECOMPILE_PREFIX_HEADER = YES;
				GCC_PREFIX_HEADER = "MailApp/MailApp-Prefix.pch";
				INFOPLIST_FILE = "MailApp/MailApp-Info.plist";
				IPHONEOS_DEPLOYMENT_TARGET = 7.0;
				PRODUCT_NAME = "$(TARGET_NAME)";
				WRAPPER_EXTENSION = app;
			};
			name = Release;
		};
		7B164E9319A2590200B01580 /* Debug */ = {
			isa = XCBuildConfiguration;
			buildSettings = {
				BUNDLE_LOADER = "$(BUILT_PRODUCTS_DIR)/MailApp.app/MailApp";
				FRAMEWORK_SEARCH_PATHS = (
					"$(SDKROOT)/Developer/Library/Frameworks",
					"$(inherited)",
					"$(DEVELOPER_FRAMEWORKS_DIR)",
				);
				GCC_PRECOMPILE_PREFIX_HEADER = YES;
				GCC_PREFIX_HEADER = "MailApp/MailApp-Prefix.pch";
				GCC_PREPROCESSOR_DEFINITIONS = (
					"DEBUG=1",
					"$(inherited)",
				);
				INFOPLIST_FILE = "MailAppTests/MailAppTests-Info.plist";
				PRODUCT_NAME = "$(TARGET_NAME)";
				TEST_HOST = "$(BUNDLE_LOADER)";
				WRAPPER_EXTENSION = xctest;
			};
			name = Debug;
		};
		7B164E9419A2590200B01580 /* Release */ = {
			isa = XCBuildConfiguration;
			buildSettings = {
				BUNDLE_LOADER = "$(BUILT_PRODUCTS_DIR)/MailApp.app/MailApp";
				FRAMEWORK_SEARCH_PATHS = (
					"$(SDKROOT)/Developer/Library/Frameworks",
					"$(inherited)",
					"$(DEVELOPER_FRAMEWORKS_DIR)",
				);
				GCC_PRECOMPILE_PREFIX_HEADER = YES;
				GCC_PREFIX_HEADER = "MailApp/MailApp-Prefix.pch";
				INFOPLIST_FILE = "MailAppTests/MailAppTests-Info.plist";
				PRODUCT_NAME = "$(TARGET_NAME)";
				TEST_HOST = "$(BUNDLE_LOADER)";
				WRAPPER_EXTENSION = xctest;
			};
			name = Release;
		};
/* End XCBuildConfiguration section */

/* Begin XCConfigurationList section */
		7B164E5819A2590100B01580 /* Build configuration list for PBXProject "MailApp" */ = {
			isa = XCConfigurationList;
			buildConfigurations = (
				7B164E8D19A2590200B01580 /* Debug */,
				7B164E8E19A2590200B01580 /* Release */,
			);
			defaultConfigurationIsVisible = 0;
			defaultConfigurationName = Release;
		};
		7B164E8F19A2590200B01580 /* Build configuration list for PBXNativeTarget "MailApp" */ = {
			isa = XCConfigurationList;
			buildConfigurations = (
				7B164E9019A2590200B01580 /* Debug */,
				7B164E9119A2590200B01580 /* Release */,
			);
			defaultConfigurationIsVisible = 0;
			defaultConfigurationName = Release;
		};
		7B164E9219A2590200B01580 /* Build configuration list for PBXNativeTarget "MailAppTests" */ = {
			isa = XCConfigurationList;
			buildConfigurations = (
				7B164E9319A2590200B01580 /* Debug */,
				7B164E9419A2590200B01580 /* Release */,
			);
			defaultConfigurationIsVisible = 0;
			defaultConfigurationName = Release;
		};
/* End XCConfigurationList section */
	};
	rootObject = 7B164E5519A2590100B01580 /* Project object */;
}
